{
  "lockfileVersion": 1,
  "workspaces": {
    "": {
      "dependencies": {
        "hono": "^4.9.6",
        "node-appwrite": "^18.0.0",
      },
      "devDependencies": {
        "dotenv": "^17.2.2",
      },
    },
  },
  "packages": {
    "dotenv": ["dotenv@17.2.2", "", {}, "sha512-Sf2LSQP+bOlhKWWyhFsn0UsfdK/kCWRv1iuA2gXAwt3dyNabr6QSj00I2V10pidqz69soatm9ZwZvpQMTIOd5Q=="],

    "hono": ["hono@4.9.6", "", {}, "sha512-doVjXhSFvYZ7y0dNokjwwSahcrAfdz+/BCLvAMa/vHLzjj8+CFyV5xteThGUsKdkaasgN+gF2mUxao+SGLpUeA=="],

    "node-appwrite": ["node-appwrite@18.0.0", "", { "dependencies": { "node-fetch-native-with-agent": "1.7.2" } }, "sha512-2S0T17H2Gm5ZcdInCmHk8Pc8P6mKW8cDCoSBNF3PYGxbKjT51V/HY/2n6IPRqk2HrHPySmx3JIMN+V6QBprqAw=="],

    "node-fetch-native-with-agent": ["node-fetch-native-with-agent@1.7.2", "", {}, "sha512-5MaOOCuJEvcckoz7/tjdx1M6OusOY6Xc5f459IaruGStWnKzlI1qpNgaAwmn4LmFYcsSlj+jBMk84wmmRxfk5g=="],
  }
}
